
Microsoft Visual Studio Solution File, Format Version 12.00
# Visual Studio Version 17
VisualStudioVersion = 17.0.31903.59
MinimumVisualStudioVersion = 10.0.40219.1
Project("{2150E333-8FDC-42A3-9474-1A3956D46DE8}") = "src", "src", "{827E0CD3-B72D-47B6-A68D-7590B98EB39B}"
EndProject
Project("{FAE04EC0-301F-11D3-BF4B-00C04F79EFBC}") = "ViamaticaApi.Domain", "src\ViamaticaApi.Domain\ViamaticaApi.Domain.csproj", "{E9E74D4B-BEFE-47A1-A664-F36A57E7BEDB}"
EndProject
Project("{FAE04EC0-301F-11D3-BF4B-00C04F79EFBC}") = "ViamaticaApi.Application", "src\ViamaticaApi.Application\ViamaticaApi.Application.csproj", "{DA5B6A25-4BCA-4C7F-A098-393D3CA5E9D4}"
EndProject
Project("{FAE04EC0-301F-11D3-BF4B-00C04F79EFBC}") = "ViamaticaApi.Infrastructure", "src\ViamaticaApi.Infrastructure\ViamaticaApi.Infrastructure.csproj", "{3BBFCF10-8552-4BE1-8E74-8D3AE3EC0D6A}"
EndProject
Project("{FAE04EC0-301F-11D3-BF4B-00C04F79EFBC}") = "ViamaticaApi.Api", "src\ViamaticaApi.Api\ViamaticaApi.Api.csproj", "{7866246C-400C-441F-8F19-EDECB4E05950}"
EndProject
Global
	GlobalSection(SolutionConfigurationPlatforms) = preSolution
		Debug|Any CPU = Debug|Any CPU
		Debug|x64 = Debug|x64
		Debug|x86 = Debug|x86
		Release|Any CPU = Release|Any CPU
		Release|x64 = Release|x64
		Release|x86 = Release|x86
	EndGlobalSection
	GlobalSection(ProjectConfigurationPlatforms) = postSolution
		{E9E74D4B-BEFE-47A1-A664-F36A57E7BEDB}.Debug|Any CPU.ActiveCfg = Debug|Any CPU
		{E9E74D4B-BEFE-47A1-A664-F36A57E7BEDB}.Debug|Any CPU.Build.0 = Debug|Any CPU
		{E9E74D4B-BEFE-47A1-A664-F36A57E7BEDB}.Debug|x64.ActiveCfg = Debug|Any CPU
		{E9E74D4B-BEFE-47A1-A664-F36A57E7BEDB}.Debug|x64.Build.0 = Debug|Any CPU
		{E9E74D4B-BEFE-47A1-A664-F36A57E7BEDB}.Debug|x86.ActiveCfg = Debug|Any CPU
		{E9E74D4B-BEFE-47A1-A664-F36A57E7BEDB}.Debug|x86.Build.0 = Debug|Any CPU
		{E9E74D4B-BEFE-47A1-A664-F36A57E7BEDB}.Release|Any CPU.ActiveCfg = Release|Any CPU
		{E9E74D4B-BEFE-47A1-A664-F36A57E7BEDB}.Release|Any CPU.Build.0 = Release|Any CPU
		{E9E74D4B-BEFE-47A1-A664-F36A57E7BEDB}.Release|x64.ActiveCfg = Release|Any CPU
		{E9E74D4B-BEFE-47A1-A664-F36A57E7BEDB}.Release|x64.Build.0 = Release|Any CPU
		{E9E74D4B-BEFE-47A1-A664-F36A57E7BEDB}.Release|x86.ActiveCfg = Release|Any CPU
		{E9E74D4B-BEFE-47A1-A664-F36A57E7BEDB}.Release|x86.Build.0 = Release|Any CPU
		{DA5B6A25-4BCA-4C7F-A098-393D3CA5E9D4}.Debug|Any CPU.ActiveCfg = Debug|Any CPU
		{DA5B6A25-4BCA-4C7F-A098-393D3CA5E9D4}.Debug|Any CPU.Build.0 = Debug|Any CPU
		{DA5B6A25-4BCA-4C7F-A098-393D3CA5E9D4}.Debug|x64.ActiveCfg = Debug|Any CPU
		{DA5B6A25-4BCA-4C7F-A098-393D3CA5E9D4}.Debug|x64.Build.0 = Debug|Any CPU
		{DA5B6A25-4BCA-4C7F-A098-393D3CA5E9D4}.Debug|x86.ActiveCfg = Debug|Any CPU
		{DA5B6A25-4BCA-4C7F-A098-393D3CA5E9D4}.Debug|x86.Build.0 = Debug|Any CPU
		{DA5B6A25-4BCA-4C7F-A098-393D3CA5E9D4}.Release|Any CPU.ActiveCfg = Release|Any CPU
		{DA5B6A25-4BCA-4C7F-A098-393D3CA5E9D4}.Release|Any CPU.Build.0 = Release|Any CPU
		{DA5B6A25-4BCA-4C7F-A098-393D3CA5E9D4}.Release|x64.ActiveCfg = Release|Any CPU
		{DA5B6A25-4BCA-4C7F-A098-393D3CA5E9D4}.Release|x64.Build.0 = Release|Any CPU
		{DA5B6A25-4BCA-4C7F-A098-393D3CA5E9D4}.Release|x86.ActiveCfg = Release|Any CPU
		{DA5B6A25-4BCA-4C7F-A098-393D3CA5E9D4}.Release|x86.Build.0 = Release|Any CPU
		{3BBFCF10-8552-4BE1-8E74-8D3AE3EC0D6A}.Debug|Any CPU.ActiveCfg = Debug|Any CPU
		{3BBFCF10-8552-4BE1-8E74-8D3AE3EC0D6A}.Debug|Any CPU.Build.0 = Debug|Any CPU
		{3BBFCF10-8552-4BE1-8E74-8D3AE3EC0D6A}.Debug|x64.ActiveCfg = Debug|Any CPU
		{3BBFCF10-8552-4BE1-8E74-8D3AE3EC0D6A}.Debug|x64.Build.0 = Debug|Any CPU
		{3BBFCF10-8552-4BE1-8E74-8D3AE3EC0D6A}.Debug|x86.ActiveCfg = Debug|Any CPU
		{3BBFCF10-8552-4BE1-8E74-8D3AE3EC0D6A}.Debug|x86.Build.0 = Debug|Any CPU
		{3BBFCF10-8552-4BE1-8E74-8D3AE3EC0D6A}.Release|Any CPU.ActiveCfg = Release|Any CPU
		{3BBFCF10-8552-4BE1-8E74-8D3AE3EC0D6A}.Release|Any CPU.Build.0 = Release|Any CPU
		{3BBFCF10-8552-4BE1-8E74-8D3AE3EC0D6A}.Release|x64.ActiveCfg = Release|Any CPU
		{3BBFCF10-8552-4BE1-8E74-8D3AE3EC0D6A}.Release|x64.Build.0 = Release|Any CPU
		{3BBFCF10-8552-4BE1-8E74-8D3AE3EC0D6A}.Release|x86.ActiveCfg = Release|Any CPU
		{3BBFCF10-8552-4BE1-8E74-8D3AE3EC0D6A}.Release|x86.Build.0 = Release|Any CPU
		{7866246C-400C-441F-8F19-EDECB4E05950}.Debug|Any CPU.ActiveCfg = Debug|Any CPU
		{7866246C-400C-441F-8F19-EDECB4E05950}.Debug|Any CPU.Build.0 = Debug|Any CPU
		{7866246C-400C-441F-8F19-EDECB4E05950}.Debug|x64.ActiveCfg = Debug|Any CPU
		{7866246C-400C-441F-8F19-EDECB4E05950}.Debug|x64.Build.0 = Debug|Any CPU
		{7866246C-400C-441F-8F19-EDECB4E05950}.Debug|x86.ActiveCfg = Debug|Any CPU
		{7866246C-400C-441F-8F19-EDECB4E05950}.Debug|x86.Build.0 = Debug|Any CPU
		{7866246C-400C-441F-8F19-EDECB4E05950}.Release|Any CPU.ActiveCfg = Release|Any CPU
		{7866246C-400C-441F-8F19-EDECB4E05950}.Release|Any CPU.Build.0 = Release|Any CPU
		{7866246C-400C-441F-8F19-EDECB4E05950}.Release|x64.ActiveCfg = Release|Any CPU
		{7866246C-400C-441F-8F19-EDECB4E05950}.Release|x64.Build.0 = Release|Any CPU
		{7866246C-400C-441F-8F19-EDECB4E05950}.Release|x86.ActiveCfg = Release|Any CPU
		{7866246C-400C-441F-8F19-EDECB4E05950}.Release|x86.Build.0 = Release|Any CPU
	EndGlobalSection
	GlobalSection(SolutionProperties) = preSolution
		HideSolutionNode = FALSE
	EndGlobalSection
	GlobalSection(NestedProjects) = preSolution
		{E9E74D4B-BEFE-47A1-A664-F36A57E7BEDB} = {827E0CD3-B72D-47B6-A68D-7590B98EB39B}
		{DA5B6A25-4BCA-4C7F-A098-393D3CA5E9D4} = {827E0CD3-B72D-47B6-A68D-7590B98EB39B}
		{3BBFCF10-8552-4BE1-8E74-8D3AE3EC0D6A} = {827E0CD3-B72D-47B6-A68D-7590B98EB39B}
		{7866246C-400C-441F-8F19-EDECB4E05950} = {827E0CD3-B72D-47B6-A68D-7590B98EB39B}
	EndGlobalSection
EndGlobal
